{
  "originHash" : "26ddbfb4c9ce668db8b57c0098e331272adfa900b87046347c6b62dd99055aa9",
  "pins" : [
    {
      "identity" : "swiftui_pagination_builder",
      "kind" : "remoteSourceControl",
      "location" : "https://github.com/rn7cvj/swiftui_pagination_builder.git",
      "state" : {
        "branch" : "main",
        "revision" : "143d13ec953e96bb644c94772041523d6cc2c247"
      }
    }
  ],
  "version" : 3
}
